// !$*UTF8*$!
{
	archiveVersion = 1;
	classes = {
	};
	objectVersion = 50;
	objects = {

/* Begin PBXBuildFile section */
		0A20E808213D6A1C000B1777 /* NetworkAPIClient.swift in Sources */ = {isa = PBXBuildFile; fileRef = 0A20E7FC213D6A1C000B1777 /* NetworkAPIClient.swift */; };
		0A20E809213D6A1C000B1777 /* NetworkCommand.swift in Sources */ = {isa = PBXBuildFile; fileRef = 0A20E7FD213D6A1C000B1777 /* NetworkCommand.swift */; };
		0A20E80A213D6A1C000B1777 /* NetworkConfiguration.swift in Sources */ = {isa = PBXBuildFile; fileRef = 0A20E7FE213D6A1C000B1777 /* NetworkConfiguration.swift */; };
		0A20E80B213D6A1C000B1777 /* NetworkErrorFactory.swift in Sources */ = {isa = PBXBuildFile; fileRef = 0A20E7FF213D6A1C000B1777 /* NetworkErrorFactory.swift */; };
		0A20E80C213D6A1C000B1777 /* NetworkReachabilityManager.swift in Sources */ = {isa = PBXBuildFile; fileRef = 0A20E800213D6A1C000B1777 /* NetworkReachabilityManager.swift */; };
		0A20E80D213D6A1C000B1777 /* NetworkRequestSerializer.swift in Sources */ = {isa = PBXBuildFile; fileRef = 0A20E801213D6A1C000B1777 /* NetworkRequestSerializer.swift */; };
		0A20E80E213D6A1C000B1777 /* NetworkResponse.swift in Sources */ = {isa = PBXBuildFile; fileRef = 0A20E802213D6A1C000B1777 /* NetworkResponse.swift */; };
		0A20E80F213D6A1C000B1777 /* NetworkResponseAnalyzer.swift in Sources */ = {isa = PBXBuildFile; fileRef = 0A20E803213D6A1C000B1777 /* NetworkResponseAnalyzer.swift */; };
		0A20E810213D6A1C000B1777 /* NetworkSessionWrapper.swift in Sources */ = {isa = PBXBuildFile; fileRef = 0A20E804213D6A1C000B1777 /* NetworkSessionWrapper.swift */; };
		0A20E812213D6A1C000B1777 /* NetworkWorm.h in Headers */ = {isa = PBXBuildFile; fileRef = 0A20E807213D6A1C000B1777 /* NetworkWorm.h */; settings = {ATTRIBUTES = (Public, ); }; };
		0A20E814213DD4EF000B1777 /* NetworkResponseSerializer.swift in Sources */ = {isa = PBXBuildFile; fileRef = 0A20E813213DD4EF000B1777 /* NetworkResponseSerializer.swift */; };
		0A20E816213E6FDE000B1777 /* NetworkProtocols.swift in Sources */ = {isa = PBXBuildFile; fileRef = 0A20E815213E6FDE000B1777 /* NetworkProtocols.swift */; };
		0A4C3FF12142402E00974EB1 /* NetworkEndpoints.swift in Sources */ = {isa = PBXBuildFile; fileRef = 0A4C3FF02142402E00974EB1 /* NetworkEndpoints.swift */; };
/* End PBXBuildFile section */

/* Begin PBXFileReference section */
		0A20E7F0213D69BF000B1777 /* NetworkWorm.framework */ = {isa = PBXFileReference; explicitFileType = wrapper.framework; includeInIndex = 0; path = NetworkWorm.framework; sourceTree = BUILT_PRODUCTS_DIR; };
		0A20E7FC213D6A1C000B1777 /* NetworkAPIClient.swift */ = {isa = PBXFileReference; fileEncoding = 4; lastKnownFileType = sourcecode.swift; path = NetworkAPIClient.swift; sourceTree = "<group>"; };
		0A20E7FD213D6A1C000B1777 /* NetworkCommand.swift */ = {isa = PBXFileReference; fileEncoding = 4; lastKnownFileType = sourcecode.swift; path = NetworkCommand.swift; sourceTree = "<group>"; };
		0A20E7FE213D6A1C000B1777 /* NetworkConfiguration.swift */ = {isa = PBXFileReference; fileEncoding = 4; lastKnownFileType = sourcecode.swift; path = NetworkConfiguration.swift; sourceTree = "<group>"; };
		0A20E7FF213D6A1C000B1777 /* NetworkErrorFactory.swift */ = {isa = PBXFileReference; fileEncoding = 4; lastKnownFileType = sourcecode.swift; path = NetworkErrorFactory.swift; sourceTree = "<group>"; };
		0A20E800213D6A1C000B1777 /* NetworkReachabilityManager.swift */ = {isa = PBXFileReference; fileEncoding = 4; lastKnownFileType = sourcecode.swift; path = NetworkReachabilityManager.swift; sourceTree = "<group>"; };
		0A20E801213D6A1C000B1777 /* NetworkRequestSerializer.swift */ = {isa = PBXFileReference; fileEncoding = 4; lastKnownFileType = sourcecode.swift; path = NetworkRequestSerializer.swift; sourceTree = "<group>"; };
		0A20E802213D6A1C000B1777 /* NetworkResponse.swift */ = {isa = PBXFileReference; fileEncoding = 4; lastKnownFileType = sourcecode.swift; path = NetworkResponse.swift; sourceTree = "<group>"; };
		0A20E803213D6A1C000B1777 /* NetworkResponseAnalyzer.swift */ = {isa = PBXFileReference; fileEncoding = 4; lastKnownFileType = sourcecode.swift; path = NetworkResponseAnalyzer.swift; sourceTree = "<group>"; };
		0A20E804213D6A1C000B1777 /* NetworkSessionWrapper.swift */ = {isa = PBXFileReference; fileEncoding = 4; lastKnownFileType = sourcecode.swift; path = NetworkSessionWrapper.swift; sourceTree = "<group>"; };
		0A20E806213D6A1C000B1777 /* Info.plist */ = {isa = PBXFileReference; fileEncoding = 4; lastKnownFileType = text.plist.xml; path = Info.plist; sourceTree = "<group>"; };
		0A20E807213D6A1C000B1777 /* NetworkWorm.h */ = {isa = PBXFileReference; fileEncoding = 4; lastKnownFileType = sourcecode.c.h; path = NetworkWorm.h; sourceTree = "<group>"; };
		0A20E813213DD4EF000B1777 /* NetworkResponseSerializer.swift */ = {isa = PBXFileReference; lastKnownFileType = sourcecode.swift; path = NetworkResponseSerializer.swift; sourceTree = "<group>"; };
		0A20E815213E6FDE000B1777 /* NetworkProtocols.swift */ = {isa = PBXFileReference; lastKnownFileType = sourcecode.swift; path = NetworkProtocols.swift; sourceTree = "<group>"; };
		0A4C3FF02142402E00974EB1 /* NetworkEndpoints.swift */ = {isa = PBXFileReference; lastKnownFileType = sourcecode.swift; path = NetworkEndpoints.swift; sourceTree = "<group>"; };
/* End PBXFileReference section */

/* Begin PBXFrameworksBuildPhase section */
		0A20E7EC213D69BF000B1777 /* Frameworks */ = {
			isa = PBXFrameworksBuildPhase;
			buildActionMask = 2147483647;
			files = (
			);
			runOnlyForDeploymentPostprocessing = 0;
		};
/* End PBXFrameworksBuildPhase section */

/* Begin PBXGroup section */
		0A20E7E6213D69BF000B1777 = {
			isa = PBXGroup;
			children = (
				0A20E7FB213D6A1C000B1777 /* Core */,
				0A20E805213D6A1C000B1777 /* Framework */,
				0A20E7F1213D69BF000B1777 /* Products */,
			);
			sourceTree = "<group>";
		};
		0A20E7F1213D69BF000B1777 /* Products */ = {
			isa = PBXGroup;
			children = (
				0A20E7F0213D69BF000B1777 /* NetworkWorm.framework */,
			);
			name = Products;
			sourceTree = "<group>";
		};
		0A20E7FB213D6A1C000B1777 /* Core */ = {
			isa = PBXGroup;
			children = (
				0A20E7FC213D6A1C000B1777 /* NetworkAPIClient.swift */,
				0A20E7FD213D6A1C000B1777 /* NetworkCommand.swift */,
				0A20E7FE213D6A1C000B1777 /* NetworkConfiguration.swift */,
				0A20E7FF213D6A1C000B1777 /* NetworkErrorFactory.swift */,
				0A20E800213D6A1C000B1777 /* NetworkReachabilityManager.swift */,
				0A20E801213D6A1C000B1777 /* NetworkRequestSerializer.swift */,
				0A20E813213DD4EF000B1777 /* NetworkResponseSerializer.swift */,
				0A20E802213D6A1C000B1777 /* NetworkResponse.swift */,
				0A20E803213D6A1C000B1777 /* NetworkResponseAnalyzer.swift */,
				0A20E804213D6A1C000B1777 /* NetworkSessionWrapper.swift */,
				0A20E815213E6FDE000B1777 /* NetworkProtocols.swift */,
				0A4C3FF02142402E00974EB1 /* NetworkEndpoints.swift */,
			);
			path = Core;
			sourceTree = "<group>";
		};
		0A20E805213D6A1C000B1777 /* Framework */ = {
			isa = PBXGroup;
			children = (
				0A20E806213D6A1C000B1777 /* Info.plist */,
				0A20E807213D6A1C000B1777 /* NetworkWorm.h */,
			);
			path = Framework;
			sourceTree = "<group>";
		};
/* End PBXGroup section */

/* Begin PBXHeadersBuildPhase section */
		0A20E7ED213D69BF000B1777 /* Headers */ = {
			isa = PBXHeadersBuildPhase;
			buildActionMask = 2147483647;
			files = (
				0A20E812213D6A1C000B1777 /* NetworkWorm.h in Headers */,
			);
			runOnlyForDeploymentPostprocessing = 0;
		};
/* End PBXHeadersBuildPhase section */

/* Begin PBXNativeTarget section */
		0A20E7EF213D69BF000B1777 /* NetworkWorm */ = {
			isa = PBXNativeTarget;
			buildConfigurationList = 0A20E7F8213D69BF000B1777 /* Build configuration list for PBXNativeTarget "NetworkWorm" */;
			buildPhases = (
				0A20E7EB213D69BF000B1777 /* Sources */,
				0A20E7EC213D69BF000B1777 /* Frameworks */,
				0A20E7ED213D69BF000B1777 /* Headers */,
				0A20E7EE213D69BF000B1777 /* Resources */,
			);
			buildRules = (
			);
			dependencies = (
			);
			name = NetworkWorm;
			productName = NetworkWorm;
			productReference = 0A20E7F0213D69BF000B1777 /* NetworkWorm.framework */;
			productType = "com.apple.product-type.framework";
		};
/* End PBXNativeTarget section */

/* Begin PBXProject section */
		0A20E7E7213D69BF000B1777 /* Project object */ = {
			isa = PBXProject;
			attributes = {
				LastUpgradeCheck = 0940;
				ORGANIZATIONNAME = "Dmitry Lobanov";
				TargetAttributes = {
					0A20E7EF213D69BF000B1777 = {
						CreatedOnToolsVersion = 9.4.1;
						LastSwiftMigration = 1000;
					};
				};
			};
			buildConfigurationList = 0A20E7EA213D69BF000B1777 /* Build configuration list for PBXProject "NetworkWorm" */;
			compatibilityVersion = "Xcode 9.3";
			developmentRegion = en;
			hasScannedForEncodings = 0;
			knownRegions = (
				en,
			);
			mainGroup = 0A20E7E6213D69BF000B1777;
			productRefGroup = 0A20E7F1213D69BF000B1777 /* Products */;
			projectDirPath = "";
			projectRoot = "";
			targets = (
				0A20E7EF213D69BF000B1777 /* NetworkWorm */,
			);
		};
/* End PBXProject section */

/* Begin PBXResourcesBuildPhase section */
		0A20E7EE213D69BF000B1777 /* Resources */ = {
			isa = PBXResourcesBuildPhase;
			buildActionMask = 2147483647;
			files = (
			);
			runOnlyForDeploymentPostprocessing = 0;
		};
/* End PBXResourcesBuildPhase section */

/* Begin PBXSourcesBuildPhase section */
		0A20E7EB213D69BF000B1777 /* Sources */ = {
			isa = PBXSourcesBuildPhase;
			buildActionMask = 2147483647;
			files = (
				0A20E80C213D6A1C000B1777 /* NetworkReachabilityManager.swift in Sources */,
				0A20E80B213D6A1C000B1777 /* NetworkErrorFactory.swift in Sources */,
				0A20E80E213D6A1C000B1777 /* NetworkResponse.swift in Sources */,
				0A20E814213DD4EF000B1777 /* NetworkResponseSerializer.swift in Sources */,
				0A20E816213E6FDE000B1777 /* NetworkProtocols.swift in Sources */,
				0A20E809213D6A1C000B1777 /* NetworkCommand.swift in Sources */,
				0A20E808213D6A1C000B1777 /* NetworkAPIClient.swift in Sources */,
				0A4C3FF12142402E00974EB1 /* NetworkEndpoints.swift in Sources */,
				0A20E80D213D6A1C000B1777 /* NetworkRequestSerializer.swift in Sources */,
				0A20E80A213D6A1C000B1777 /* NetworkConfiguration.swift in Sources */,
				0A20E810213D6A1C000B1777 /* NetworkSessionWrapper.swift in Sources */,
				0A20E80F213D6A1C000B1777 /* NetworkResponseAnalyzer.swift in Sources */,
			);
			runOnlyForDeploymentPostprocessing = 0;
		};
/* End PBXSourcesBuildPhase section */

/* Begin XCBuildConfiguration section */
		0A20E7F6213D69BF000B1777 /* Debug */ = {
			isa = XCBuildConfiguration;
			buildSettings = {
				ALWAYS_SEARCH_USER_PATHS = NO;
				CLANG_ANALYZER_NONNULL = YES;
				CLANG_ANALYZER_NUMBER_OBJECT_CONVERSION = YES_AGGRESSIVE;
				CLANG_CXX_LANGUAGE_STANDARD = "gnu++14";
				CLANG_CXX_LIBRARY = "libc++";
				CLANG_ENABLE_MODULES = YES;
				CLANG_ENABLE_OBJC_ARC = YES;
				CLANG_ENABLE_OBJC_WEAK = YES;
				CLANG_WARN_BLOCK_CAPTURE_AUTORELEASING = YES;
				CLANG_WARN_BOOL_CONVERSION = YES;
				CLANG_WARN_COMMA = YES;
				CLANG_WARN_CONSTANT_CONVERSION = YES;
				CLANG_WARN_DEPRECATED_OBJC_IMPLEMENTATIONS = YES;
				CLANG_WARN_DIRECT_OBJC_ISA_USAGE = YES_ERROR;
				CLANG_WARN_DOCUMENTATION_COMMENTS = YES;
				CLANG_WARN_EMPTY_BODY = YES;
				CLANG_WARN_ENUM_CONVERSION = YES;
				CLANG_WARN_INFINITE_RECURSION = YES;
				CLANG_WARN_INT_CONVERSION = YES;
				CLANG_WARN_NON_LITERAL_NULL_CONVERSION = YES;
				CLANG_WARN_OBJC_IMPLICIT_RETAIN_SELF = YES;
				CLANG_WARN_OBJC_LITERAL_CONVERSION = YES;
				CLANG_WARN_OBJC_ROOT_CLASS = YES_ERROR;
				CLANG_WARN_RANGE_LOOP_ANALYSIS = YES;
				CLANG_WARN_STRICT_PROTOTYPES = YES;
				CLANG_WARN_SUSPICIOUS_MOVE = YES;
				CLANG_WARN_UNGUARDED_AVAILABILITY = YES_AGGRESSIVE;
				CLANG_WARN_UNREACHABLE_CODE = YES;
				CLANG_WARN__DUPLICATE_METHOD_MATCH = YES;
				CODE_SIGN_IDENTITY = "iPhone Developer";
				COPY_PHASE_STRIP = NO;
				CURRENT_PROJECT_VERSION = 1;
				DEBUG_INFORMATION_FORMAT = dwarf;
				ENABLE_STRICT_OBJC_MSGSEND = YES;
				ENABLE_TESTABILITY = YES;
				GCC_C_LANGUAGE_STANDARD = gnu11;
				GCC_DYNAMIC_NO_PIC = NO;
				GCC_NO_COMMON_BLOCKS = YES;
				GCC_OPTIMIZATION_LEVEL = 0;
				GCC_PREPROCESSOR_DEFINITIONS = (
					"DEBUG=1",
					"$(inherited)",
				);
				GCC_WARN_64_TO_32_BIT_CONVERSION = YES;
				GCC_WARN_ABOUT_RETURN_TYPE = YES_ERROR;
				GCC_WARN_UNDECLARED_SELECTOR = YES;
				GCC_WARN_UNINITIALIZED_AUTOS = YES_AGGRESSIVE;
				GCC_WARN_UNUSED_FUNCTION = YES;
				GCC_WARN_UNUSED_VARIABLE = YES;
				IPHONEOS_DEPLOYMENT_TARGET = 11.4;
				MTL_ENABLE_DEBUG_INFO = YES;
				ONLY_ACTIVE_ARCH = YES;
				SDKROOT = iphoneos;
				SWIFT_ACTIVE_COMPILATION_CONDITIONS = DEBUG;
				SWIFT_OPTIMIZATION_LEVEL = "-Onone";
				VERSIONING_SYSTEM = "apple-generic";
				VERSION_INFO_PREFIX = "";
			};
			name = Debug;
		};
		0A20E7F7213D69BF000B1777 /* Release */ = {
			isa = XCBuildConfiguration;
			buildSettings = {
				ALWAYS_SEARCH_USER_PATHS = NO;
				CLANG_ANALYZER_NONNULL = YES;
				CLANG_ANALYZER_NUMBER_OBJECT_CONVERSION = YES_AGGRESSIVE;
				CLANG_CXX_LANGUAGE_STANDARD = "gnu++14";
				CLANG_CXX_LIBRARY = "libc++";
				CLANG_ENABLE_MODULES = YES;
				CLANG_ENABLE_OBJC_ARC = YES;
				CLANG_ENABLE_OBJC_WEAK = YES;
				CLANG_WARN_BLOCK_CAPTURE_AUTORELEASING = YES;
				CLANG_WARN_BOOL_CONVERSION = YES;
				CLANG_WARN_COMMA = YES;
				CLANG_WARN_CONSTANT_CONVERSION = YES;
				CLANG_WARN_DEPRECATED_OBJC_IMPLEMENTATIONS = YES;
				CLANG_WARN_DIRECT_OBJC_ISA_USAGE = YES_ERROR;
				CLANG_WARN_DOCUMENTATION_COMMENTS = YES;
				CLANG_WARN_EMPTY_BODY = YES;
				CLANG_WARN_ENUM_CONVERSION = YES;
				CLANG_WARN_INFINITE_RECURSION = YES;
				CLANG_WARN_INT_CONVERSION = YES;
				CLANG_WARN_NON_LITERAL_NULL_CONVERSION = YES;
				CLANG_WARN_OBJC_IMPLICIT_RETAIN_SELF = YES;
				CLANG_WARN_OBJC_LITERAL_CONVERSION = YES;
				CLANG_WARN_OBJC_ROOT_CLASS = YES_ERROR;
				CLANG_WARN_RANGE_LOOP_ANALYSIS = YES;
				CLANG_WARN_STRICT_PROTOTYPES = YES;
				CLANG_WARN_SUSPICIOUS_MOVE = YES;
				CLANG_WARN_UNGUARDED_AVAILABILITY = YES_AGGRESSIVE;
				CLANG_WARN_UNREACHABLE_CODE = YES;
				CLANG_WARN__DUPLICATE_METHOD_MATCH = YES;
				CODE_SIGN_IDENTITY = "iPhone Developer";
				COPY_PHASE_STRIP = NO;
				CURRENT_PROJECT_VERSION = 1;
				DEBUG_INFORMATION_FORMAT = "dwarf-with-dsym";
				ENABLE_NS_ASSERTIONS = NO;
				ENABLE_STRICT_OBJC_MSGSEND = YES;
				GCC_C_LANGUAGE_STANDARD = gnu11;
				GCC_NO_COMMON_BLOCKS = YES;
				GCC_WARN_64_TO_32_BIT_CONVERSION = YES;
				GCC_WARN_ABOUT_RETURN_TYPE = YES_ERROR;
				GCC_WARN_UNDECLARED_SELECTOR = YES;
				GCC_WARN_UNINITIALIZED_AUTOS = YES_AGGRESSIVE;
				GCC_WARN_UNUSED_FUNCTION = YES;
				GCC_WARN_UNUSED_VARIABLE = YES;
				IPHONEOS_DEPLOYMENT_TARGET = 11.4;
				MTL_ENABLE_DEBUG_INFO = NO;
				SDKROOT = iphoneos;
				SWIFT_COMPILATION_MODE = wholemodule;
				SWIFT_OPTIMIZATION_LEVEL = "-O";
				VALIDATE_PRODUCT = YES;
				VERSIONING_SYSTEM = "apple-generic";
				VERSION_INFO_PREFIX = "";
			};
			name = Release;
		};
		0A20E7F9213D69BF000B1777 /* Debug */ = {
			isa = XCBuildConfiguration;
			buildSettings = {
				CODE_SIGN_IDENTITY = "";
				CODE_SIGN_STYLE = Automatic;
				DEFINES_MODULE = YES;
				DYLIB_COMPATIBILITY_VERSION = 1;
				DYLIB_CURRENT_VERSION = 1;
				DYLIB_INSTALL_NAME_BASE = "@rpath";
				INFOPLIST_FILE = Framework/Info.plist;
				INSTALL_PATH = "$(LOCAL_LIBRARY_DIR)/Frameworks";
				LD_RUNPATH_SEARCH_PATHS = (
					"$(inherited)",
					"@executable_path/Frameworks",
					"@loader_path/Frameworks",
				);
				PRODUCT_BUNDLE_IDENTIFIER = org.example.NetworkWorm;
				PRODUCT_NAME = "$(TARGET_NAME:c99extidentifier)";
				SKIP_INSTALL = YES;
				SWIFT_VERSION = 4.2;
				TARGETED_DEVICE_FAMILY = "1,2";
			};
			name = Debug;
		};
		0A20E7FA213D69BF000B1777 /* Release */ = {
			isa = XCBuildConfiguration;
			buildSettings = {
				CODE_SIGN_IDENTITY = "";
				CODE_SIGN_STYLE = Automatic;
				DEFINES_MODULE = YES;
				DYLIB_COMPATIBILITY_VERSION = 1;
				DYLIB_CURRENT_VERSION = 1;
				DYLIB_INSTALL_NAME_BASE = "@rpath";
				INFOPLIST_FILE = Framework/Info.plist;
				INSTALL_PATH = "$(LOCAL_LIBRARY_DIR)/Frameworks";
				LD_RUNPATH_SEARCH_PATHS = (
					"$(inherited)",
					"@executable_path/Frameworks",
					"@loader_path/Frameworks",
				);
				PRODUCT_BUNDLE_IDENTIFIER = org.example.NetworkWorm;
				PRODUCT_NAME = "$(TARGET_NAME:c99extidentifier)";
				SKIP_INSTALL = YES;
				SWIFT_VERSION = 4.2;
				TARGETED_DEVICE_FAMILY = "1,2";
			};
			name = Release;
		};
		0A32F782215E5801004CEED3 /* PublicBeta */ = {
			isa = XCBuildConfiguration;
			buildSettings = {
				ALWAYS_SEARCH_USER_PATHS = NO;
				CLANG_ANALYZER_NONNULL = YES;
				CLANG_ANALYZER_NUMBER_OBJECT_CONVERSION = YES_AGGRESSIVE;
				CLANG_CXX_LANGUAGE_STANDARD = "gnu++14";
				CLANG_CXX_LIBRARY = "libc++";
				CLANG_ENABLE_MODULES = YES;
				CLANG_ENABLE_OBJC_ARC = YES;
				CLANG_ENABLE_OBJC_WEAK = YES;
				CLANG_WARN_BLOCK_CAPTURE_AUTORELEASING = YES;
				CLANG_WARN_BOOL_CONVERSION = YES;
				CLANG_WARN_COMMA = YES;
				CLANG_WARN_CONSTANT_CONVERSION = YES;
				CLANG_WARN_DEPRECATED_OBJC_IMPLEMENTATIONS = YES;
				CLANG_WARN_DIRECT_OBJC_ISA_USAGE = YES_ERROR;
				CLANG_WARN_DOCUMENTATION_COMMENTS = YES;
				CLANG_WARN_EMPTY_BODY = YES;
				CLANG_WARN_ENUM_CONVERSION = YES;
				CLANG_WARN_INFINITE_RECURSION = YES;
				CLANG_WARN_INT_CONVERSION = YES;
				CLANG_WARN_NON_LITERAL_NULL_CONVERSION = YES;
				CLANG_WARN_OBJC_IMPLICIT_RETAIN_SELF = YES;
				CLANG_WARN_OBJC_LITERAL_CONVERSION = YES;
				CLANG_WARN_OBJC_ROOT_CLASS = YES_ERROR;
				CLANG_WARN_RANGE_LOOP_ANALYSIS = YES;
				CLANG_WARN_STRICT_PROTOTYPES = YES;
				CLANG_WARN_SUSPICIOUS_MOVE = YES;
				CLANG_WARN_UNGUARDED_AVAILABILITY = YES_AGGRESSIVE;
				CLANG_WARN_UNREACHABLE_CODE = YES;
				CLANG_WARN__DUPLICATE_METHOD_MATCH = YES;
				CODE_SIGN_IDENTITY = "iPhone Developer";
				COPY_PHASE_STRIP = NO;
				CURRENT_PROJECT_VERSION = 1;
				DEBUG_INFORMATION_FORMAT = "dwarf-with-dsym";
				ENABLE_NS_ASSERTIONS = NO;
				ENABLE_STRICT_OBJC_MSGSEND = YES;
				GCC_C_LANGUAGE_STANDARD = gnu11;
				GCC_NO_COMMON_BLOCKS = YES;
				GCC_WARN_64_TO_32_BIT_CONVERSION = YES;
				GCC_WARN_ABOUT_RETURN_TYPE = YES_ERROR;
				GCC_WARN_UNDECLARED_SELECTOR = YES;
				GCC_WARN_UNINITIALIZED_AUTOS = YES_AGGRESSIVE;
				GCC_WARN_UNUSED_FUNCTION = YES;
				GCC_WARN_UNUSED_VARIABLE = YES;
				IPHONEOS_DEPLOYMENT_TARGET = 11.4;
				MTL_ENABLE_DEBUG_INFO = NO;
				SDKROOT = iphoneos;
				SWIFT_COMPILATION_MODE = wholemodule;
				SWIFT_OPTIMIZATION_LEVEL = "-O";
				VALIDATE_PRODUCT = YES;
				VERSIONING_SYSTEM = "apple-generic";
				VERSION_INFO_PREFIX = "";
			};
			name = PublicBeta;
		};
		0A32F783215E5801004CEED3 /* PublicBeta */ = {
			isa = XCBuildConfiguration;
			buildSettings = {
				CODE_SIGN_IDENTITY = "";
				CODE_SIGN_STYLE = Automatic;
				DEFINES_MODULE = YES;
				DYLIB_COMPATIBILITY_VERSION = 1;
				DYLIB_CURRENT_VERSION = 1;
				DYLIB_INSTALL_NAME_BASE = "@rpath";
				INFOPLIST_FILE = Framework/Info.plist;
				INSTALL_PATH = "$(LOCAL_LIBRARY_DIR)/Frameworks";
				LD_RUNPATH_SEARCH_PATHS = (
					"$(inherited)",
					"@executable_path/Frameworks",
					"@loader_path/Frameworks",
				);
				PRODUCT_BUNDLE_IDENTIFIER = org.example.NetworkWorm;
				PRODUCT_NAME = "$(TARGET_NAME:c99extidentifier)";
				SKIP_INSTALL = YES;
				SWIFT_VERSION = 4.2;
				TARGETED_DEVICE_FAMILY = "1,2";
			};
			name = PublicBeta;
		};
/* End XCBuildConfiguration section */

/* Begin XCConfigurationList section */
		0A20E7EA213D69BF000B1777 /* Build configuration list for PBXProject "NetworkWorm" */ = {
			isa = XCConfigurationList;
			buildConfigurations = (
				0A20E7F6213D69BF000B1777 /* Debug */,
				0A20E7F7213D69BF000B1777 /* Release */,
				0A32F782215E5801004CEED3 /* PublicBeta */,
			);
			defaultConfigurationIsVisible = 0;
			defaultConfigurationName = Release;
		};
		0A20E7F8213D69BF000B1777 /* Build configuration list for PBXNativeTarget "NetworkWorm" */ = {
			isa = XCConfigurationList;
			buildConfigurations = (
				0A20E7F9213D69BF000B1777 /* Debug */,
				0A20E7FA213D69BF000B1777 /* Release */,
				0A32F783215E5801004CEED3 /* PublicBeta */,
			);
			defaultConfigurationIsVisible = 0;
			defaultConfigurationName = Release;
		};
/* End XCConfigurationList section */
	};
	rootObject = 0A20E7E7213D69BF000B1777 /* Project object */;
}
